
Microsoft Visual Studio Solution File, Format Version 12.00
# Visual Studio Version 17
VisualStudioVersion = 17.14.36202.13 d17.14
MinimumVisualStudioVersion = 10.0.40219.1
Project("{8BC9CEB8-8B4A-11D0-8D11-00A0C91BC942}") = "Tic-Tac-Toe-win32", "Tic-Tac-Toe-win32\Tic-Tac-Toe-win32.vcxproj", "{425E837E-5501-44AB-9F4F-D90E72AA2C0C}"
EndProject
Global
	GlobalSection(SolutionConfigurationPlatforms) = preSolution
		Debug|x64 = Debug|x64
		Debug|x86 = Debug|x86
		Release|x64 = Release|x64
		Release|x86 = Release|x86
	EndGlobalSection
	GlobalSection(ProjectConfigurationPlatforms) = postSolution
		{425E837E-5501-44AB-9F4F-D90E72AA2C0C}.Debug|x64.ActiveCfg = Debug|x64
		{425E837E-5501-44AB-9F4F-D90E72AA2C0C}.Debug|x64.Build.0 = Debug|x64
		{425E837E-5501-44AB-9F4F-D90E72AA2C0C}.Debug|x86.ActiveCfg = Debug|Win32
		{425E837E-5501-44AB-9F4F-D90E72AA2C0C}.Debug|x86.Build.0 = Debug|Win32
		{425E837E-5501-44AB-9F4F-D90E72AA2C0C}.Release|x64.ActiveCfg = Release|x64
		{425E837E-5501-44AB-9F4F-D90E72AA2C0C}.Release|x64.Build.0 = Release|x64
		{425E837E-5501-44AB-9F4F-D90E72AA2C0C}.Release|x86.ActiveCfg = Release|Win32
		{425E837E-5501-44AB-9F4F-D90E72AA2C0C}.Release|x86.Build.0 = Release|Win32
	EndGlobalSection
	GlobalSection(SolutionProperties) = preSolution
		HideSolutionNode = FALSE
	EndGlobalSection
	GlobalSection(ExtensibilityGlobals) = postSolution
		SolutionGuid = {63256E72-3F55-4E75-AF4B-2569BB567A24}
	EndGlobalSection
EndGlobal
